# THIS IS AN AUTOGENERATED FILE. DO NOT EDIT THIS FILE DIRECTLY.
# yarn lockfile v1


isarray@1.0.0:
  version "1.0.0"
  resolved "https://registry.yarnpkg.com/isarray/-/isarray-1.0.0.tgz#bb935d48582cba168c06834957a54a3e07124f11"

isobject@^2.1.0:
  version "2.1.0"
  resolved "https://registry.yarnpkg.com/isobject/-/isobject-2.1.0.tgz#f065561096a3f1da2ef46272f815c840d87e0c89"
  dependencies:
    isarray "1.0.0"

tap-lite-tester@^0.2.0:
  version "0.2.1"
  resolved "https://registry.yarnpkg.com/tap-lite-tester/-/tap-lite-tester-0.2.1.tgz#7db04acf7bb6dbfc264818ced2d18d476ff8709d"
